// !$*UTF8*$!
{
	archiveVersion = 1;
	classes = {
	};
	objectVersion = 46;
	objects = {

/* Begin PBXBuildFile section */
		B761E01B19DF86AB00BDA189 /* AppDelegate.swift in Sources */ = {isa = PBXBuildFile; fileRef = B761E01A19DF86AB00BDA189 /* AppDelegate.swift */; };
		B761E01D19DF86AB00BDA189 /* ViewController.swift in Sources */ = {isa = PBXBuildFile; fileRef = B761E01C19DF86AB00BDA189 /* ViewController.swift */; };
		B761E02019DF86AB00BDA189 /* Main.storyboard in Resources */ = {isa = PBXBuildFile; fileRef = B761E01E19DF86AB00BDA189 /* Main.storyboard */; };
		B761E02219DF86AB00BDA189 /* Images.xcassets in Resources */ = {isa = PBXBuildFile; fileRef = B761E02119DF86AB00BDA189 /* Images.xcassets */; };
		B761E02519DF86AB00BDA189 /* LaunchScreen.xib in Resources */ = {isa = PBXBuildFile; fileRef = B761E02319DF86AB00BDA189 /* LaunchScreen.xib */; };
		B761E03119DF86AB00BDA189 /* PostcardTests.swift in Sources */ = {isa = PBXBuildFile; fileRef = B761E03019DF86AB00BDA189 /* PostcardTests.swift */; };
		B761E03C19DF878B00BDA189 /* AlbertEinsteinStamp.jpg in Resources */ = {isa = PBXBuildFile; fileRef = B761E03A19DF878B00BDA189 /* AlbertEinsteinStamp.jpg */; };
		B761E03D19DF878B00BDA189 /* SagradaFamilia.jpeg in Resources */ = {isa = PBXBuildFile; fileRef = B761E03B19DF878B00BDA189 /* SagradaFamilia.jpeg */; };
/* End PBXBuildFile section */

/* Begin PBXContainerItemProxy section */
		B761E02B19DF86AB00BDA189 /* PBXContainerItemProxy */ = {
			isa = PBXContainerItemProxy;
			containerPortal = B761E00D19DF86AB00BDA189 /* Project object */;
			proxyType = 1;
			remoteGlobalIDString = B761E01419DF86AB00BDA189;
			remoteInfo = Postcard;
		};
/* End PBXContainerItemProxy section */

/* Begin PBXFileReference section */
		B761E01519DF86AB00BDA189 /* Postcard.app */ = {isa = PBXFileReference; explicitFileType = wrapper.application; includeInIndex = 0; path = Postcard.app; sourceTree = BUILT_PRODUCTS_DIR; };
		B761E01919DF86AB00BDA189 /* Info.plist */ = {isa = PBXFileReference; lastKnownFileType = text.plist.xml; path = Info.plist; sourceTree = "<group>"; };
		B761E01A19DF86AB00BDA189 /* AppDelegate.swift */ = {isa = PBXFileReference; lastKnownFileType = sourcecode.swift; path = AppDelegate.swift; sourceTree = "<group>"; };
		B761E01C19DF86AB00BDA189 /* ViewController.swift */ = {isa = PBXFileReference; lastKnownFileType = sourcecode.swift; path = ViewController.swift; sourceTree = "<group>"; };
		B761E01F19DF86AB00BDA189 /* Base */ = {isa = PBXFileReference; lastKnownFileType = file.storyboard; name = Base; path = Base.lproj/Main.storyboard; sourceTree = "<group>"; };
		B761E02119DF86AB00BDA189 /* Images.xcassets */ = {isa = PBXFileReference; lastKnownFileType = folder.assetcatalog; path = Images.xcassets; sourceTree = "<group>"; };
		B761E02419DF86AB00BDA189 /* Base */ = {isa = PBXFileReference; lastKnownFileType = file.xib; name = Base; path = Base.lproj/LaunchScreen.xib; sourceTree = "<group>"; };
		B761E02A19DF86AB00BDA189 /* PostcardTests.xctest */ = {isa = PBXFileReference; explicitFileType = wrapper.cfbundle; includeInIndex = 0; path = PostcardTests.xctest; sourceTree = BUILT_PRODUCTS_DIR; };
		B761E02F19DF86AB00BDA189 /* Info.plist */ = {isa = PBXFileReference; lastKnownFileType = text.plist.xml; path = Info.plist; sourceTree = "<group>"; };
		B761E03019DF86AB00BDA189 /* PostcardTests.swift */ = {isa = PBXFileReference; lastKnownFileType = sourcecode.swift; path = PostcardTests.swift; sourceTree = "<group>"; };
		B761E03A19DF878B00BDA189 /* AlbertEinsteinStamp.jpg */ = {isa = PBXFileReference; lastKnownFileType = image.jpeg; path = AlbertEinsteinStamp.jpg; sourceTree = "<group>"; };
		B761E03B19DF878B00BDA189 /* SagradaFamilia.jpeg */ = {isa = PBXFileReference; lastKnownFileType = image.jpeg; path = SagradaFamilia.jpeg; sourceTree = "<group>"; };
/* End PBXFileReference section */

/* Begin PBXFrameworksBuildPhase section */
		B761E01219DF86AB00BDA189 /* Frameworks */ = {
			isa = PBXFrameworksBuildPhase;
			buildActionMask = 2147483647;
			files = (
			);
			runOnlyForDeploymentPostprocessing = 0;
		};
		B761E02719DF86AB00BDA189 /* Frameworks */ = {
			isa = PBXFrameworksBuildPhase;
			buildActionMask = 2147483647;
			files = (
			);
			runOnlyForDeploymentPostprocessing = 0;
		};
/* End PBXFrameworksBuildPhase section */

/* Begin PBXGroup section */
		B761E00C19DF86AB00BDA189 = {
			isa = PBXGroup;
			children = (
				B761E01719DF86AB00BDA189 /* Postcard */,
				B761E02D19DF86AB00BDA189 /* PostcardTests */,
				B761E01619DF86AB00BDA189 /* Products */,
			);
			sourceTree = "<group>";
		};
		B761E01619DF86AB00BDA189 /* Products */ = {
			isa = PBXGroup;
			children = (
				B761E01519DF86AB00BDA189 /* Postcard.app */,
				B761E02A19DF86AB00BDA189 /* PostcardTests.xctest */,
			);
			name = Products;
			sourceTree = "<group>";
		};
		B761E01719DF86AB00BDA189 /* Postcard */ = {
			isa = PBXGroup;
			children = (
				B761E01A19DF86AB00BDA189 /* AppDelegate.swift */,
				B761E01C19DF86AB00BDA189 /* ViewController.swift */,
				B761E01E19DF86AB00BDA189 /* Main.storyboard */,
				B761E02119DF86AB00BDA189 /* Images.xcassets */,
				B761E02319DF86AB00BDA189 /* LaunchScreen.xib */,
				B761E01819DF86AB00BDA189 /* Supporting Files */,
			);
			path = Postcard;
			sourceTree = "<group>";
		};
		B761E01819DF86AB00BDA189 /* Supporting Files */ = {
			isa = PBXGroup;
			children = (
				B761E03A19DF878B00BDA189 /* AlbertEinsteinStamp.jpg */,
				B761E03B19DF878B00BDA189 /* SagradaFamilia.jpeg */,
				B761E01919DF86AB00BDA189 /* Info.plist */,
			);
			name = "Supporting Files";
			sourceTree = "<group>";
		};
		B761E02D19DF86AB00BDA189 /* PostcardTests */ = {
			isa = PBXGroup;
			children = (
				B761E03019DF86AB00BDA189 /* PostcardTests.swift */,
				B761E02E19DF86AB00BDA189 /* Supporting Files */,
			);
			path = PostcardTests;
			sourceTree = "<group>";
		};
		B761E02E19DF86AB00BDA189 /* Supporting Files */ = {
			isa = PBXGroup;
			children = (
				B761E02F19DF86AB00BDA189 /* Info.plist */,
			);
			name = "Supporting Files";
			sourceTree = "<group>";
		};
/* End PBXGroup section */

/* Begin PBXNativeTarget section */
		B761E01419DF86AB00BDA189 /* Postcard */ = {
			isa = PBXNativeTarget;
			buildConfigurationList = B761E03419DF86AB00BDA189 /* Build configuration list for PBXNativeTarget "Postcard" */;
			buildPhases = (
				B761E01119DF86AB00BDA189 /* Sources */,
				B761E01219DF86AB00BDA189 /* Frameworks */,
				B761E01319DF86AB00BDA189 /* Resources */,
			);
			buildRules = (
			);
			dependencies = (
			);
			name = Postcard;
			productName = Postcard;
			productReference = B761E01519DF86AB00BDA189 /* Postcard.app */;
			productType = "com.apple.product-type.application";
		};
		B761E02919DF86AB00BDA189 /* PostcardTests */ = {
			isa = PBXNativeTarget;
			buildConfigurationList = B761E03719DF86AB00BDA189 /* Build configuration list for PBXNativeTarget "PostcardTests" */;
			buildPhases = (
				B761E02619DF86AB00BDA189 /* Sources */,
				B761E02719DF86AB00BDA189 /* Frameworks */,
				B761E02819DF86AB00BDA189 /* Resources */,
			);
			buildRules = (
			);
			dependencies = (
				B761E02C19DF86AB00BDA189 /* PBXTargetDependency */,
			);
			name = PostcardTests;
			productName = PostcardTests;
			productReference = B761E02A19DF86AB00BDA189 /* PostcardTests.xctest */;
			productType = "com.apple.product-type.bundle.unit-test";
		};
/* End PBXNativeTarget section */

/* Begin PBXProject section */
		B761E00D19DF86AB00BDA189 /* Project object */ = {
			isa = PBXProject;
			attributes = {
				LastUpgradeCheck = 0600;
				ORGANIZATIONNAME = "Edison Zhang";
				TargetAttributes = {
					B761E01419DF86AB00BDA189 = {
						CreatedOnToolsVersion = 6.0.1;
					};
					B761E02919DF86AB00BDA189 = {
						CreatedOnToolsVersion = 6.0.1;
						TestTargetID = B761E01419DF86AB00BDA189;
					};
				};
			};
			buildConfigurationList = B761E01019DF86AB00BDA189 /* Build configuration list for PBXProject "Postcard" */;
			compatibilityVersion = "Xcode 3.2";
			developmentRegion = English;
			hasScannedForEncodings = 0;
			knownRegions = (
				en,
				Base,
			);
			mainGroup = B761E00C19DF86AB00BDA189;
			productRefGroup = B761E01619DF86AB00BDA189 /* Products */;
			projectDirPath = "";
			projectRoot = "";
			targets = (
				B761E01419DF86AB00BDA189 /* Postcard */,
				B761E02919DF86AB00BDA189 /* PostcardTests */,
			);
		};
/* End PBXProject section */

/* Begin PBXResourcesBuildPhase section */
		B761E01319DF86AB00BDA189 /* Resources */ = {
			isa = PBXResourcesBuildPhase;
			buildActionMask = 2147483647;
			files = (
				B761E03C19DF878B00BDA189 /* AlbertEinsteinStamp.jpg in Resources */,
				B761E02019DF86AB00BDA189 /* Main.storyboard in Resources */,
				B761E02519DF86AB00BDA189 /* LaunchScreen.xib in Resources */,
				B761E02219DF86AB00BDA189 /* Images.xcassets in Resources */,
				B761E03D19DF878B00BDA189 /* SagradaFamilia.jpeg in Resources */,
			);
			runOnlyForDeploymentPostprocessing = 0;
		};
		B761E02819DF86AB00BDA189 /* Resources */ = {
			isa = PBXResourcesBuildPhase;
			buildActionMask = 2147483647;
			files = (
			);
			runOnlyForDeploymentPostprocessing = 0;
		};
/* End PBXResourcesBuildPhase section */

/* Begin PBXSourcesBuildPhase section */
		B761E01119DF86AB00BDA189 /* Sources */ = {
			isa = PBXSourcesBuildPhase;
			buildActionMask = 2147483647;
			files = (
				B761E01D19DF86AB00BDA189 /* ViewController.swift in Sources */,
				B761E01B19DF86AB00BDA189 /* AppDelegate.swift in Sources */,
			);
			runOnlyForDeploymentPostprocessing = 0;
		};
		B761E02619DF86AB00BDA189 /* Sources */ = {
			isa = PBXSourcesBuildPhase;
			buildActionMask = 2147483647;
			files = (
				B761E03119DF86AB00BDA189 /* PostcardTests.swift in Sources */,
			);
			runOnlyForDeploymentPostprocessing = 0;
		};
/* End PBXSourcesBuildPhase section */

/* Begin PBXTargetDependency section */
		B761E02C19DF86AB00BDA189 /* PBXTargetDependency */ = {
			isa = PBXTargetDependency;
			target = B761E01419DF86AB00BDA189 /* Postcard */;
			targetProxy = B761E02B19DF86AB00BDA189 /* PBXContainerItemProxy */;
		};
/* End PBXTargetDependency section */

/* Begin PBXVariantGroup section */
		B761E01E19DF86AB00BDA189 /* Main.storyboard */ = {
			isa = PBXVariantGroup;
			children = (
				B761E01F19DF86AB00BDA189 /* Base */,
			);
			name = Main.storyboard;
			sourceTree = "<group>";
		};
		B761E02319DF86AB00BDA189 /* LaunchScreen.xib */ = {
			isa = PBXVariantGroup;
			children = (
				B761E02419DF86AB00BDA189 /* Base */,
			);
			name = LaunchScreen.xib;
			sourceTree = "<group>";
		};
/* End PBXVariantGroup section */

/* Begin XCBuildConfiguration section */
		B761E03219DF86AB00BDA189 /* Debug */ = {
			isa = XCBuildConfiguration;
			buildSettings = {
				ALWAYS_SEARCH_USER_PATHS = NO;
				CLANG_CXX_LANGUAGE_STANDARD = "gnu++0x";
				CLANG_CXX_LIBRARY = "libc++";
				CLANG_ENABLE_MODULES = YES;
				CLANG_ENABLE_OBJC_ARC = YES;
				CLANG_WARN_BOOL_CONVERSION = YES;
				CLANG_WARN_CONSTANT_CONVERSION = YES;
				CLANG_WARN_DIRECT_OBJC_ISA_USAGE = YES_ERROR;
				CLANG_WARN_EMPTY_BODY = YES;
				CLANG_WARN_ENUM_CONVERSION = YES;
				CLANG_WARN_INT_CONVERSION = YES;
				CLANG_WARN_OBJC_ROOT_CLASS = YES_ERROR;
				CLANG_WARN_UNREACHABLE_CODE = YES;
				CLANG_WARN__DUPLICATE_METHOD_MATCH = YES;
				"CODE_SIGN_IDENTITY[sdk=iphoneos*]" = "iPhone Developer";
				COPY_PHASE_STRIP = NO;
				ENABLE_STRICT_OBJC_MSGSEND = YES;
				GCC_C_LANGUAGE_STANDARD = gnu99;
				GCC_DYNAMIC_NO_PIC = NO;
				GCC_OPTIMIZATION_LEVEL = 0;
				GCC_PREPROCESSOR_DEFINITIONS = (
					"DEBUG=1",
					"$(inherited)",
				);
				GCC_SYMBOLS_PRIVATE_EXTERN = NO;
				GCC_WARN_64_TO_32_BIT_CONVERSION = YES;
				GCC_WARN_ABOUT_RETURN_TYPE = YES_ERROR;
				GCC_WARN_UNDECLARED_SELECTOR = YES;
				GCC_WARN_UNINITIALIZED_AUTOS = YES_AGGRESSIVE;
				GCC_WARN_UNUSED_FUNCTION = YES;
				GCC_WARN_UNUSED_VARIABLE = YES;
				IPHONEOS_DEPLOYMENT_TARGET = 8.0;
				MTL_ENABLE_DEBUG_INFO = YES;
				ONLY_ACTIVE_ARCH = YES;
				SDKROOT = iphoneos;
				SWIFT_OPTIMIZATION_LEVEL = "-Onone";
				TARGETED_DEVICE_FAMILY = "1,2";
			};
			name = Debug;
		};
		B761E03319DF86AB00BDA189 /* Release */ = {
			isa = XCBuildConfiguration;
			buildSettings = {
				ALWAYS_SEARCH_USER_PATHS = NO;
				CLANG_CXX_LANGUAGE_STANDARD = "gnu++0x";
				CLANG_CXX_LIBRARY = "libc++";
				CLANG_ENABLE_MODULES = YES;
				CLANG_ENABLE_OBJC_ARC = YES;
				CLANG_WARN_BOOL_CONVERSION = YES;
				CLANG_WARN_CONSTANT_CONVERSION = YES;
				CLANG_WARN_DIRECT_OBJC_ISA_USAGE = YES_ERROR;
				CLANG_WARN_EMPTY_BODY = YES;
				CLANG_WARN_ENUM_CONVERSION = YES;
				CLANG_WARN_INT_CONVERSION = YES;
				CLANG_WARN_OBJC_ROOT_CLASS = YES_ERROR;
				CLANG_WARN_UNREACHABLE_CODE = YES;
				CLANG_WARN__DUPLICATE_METHOD_MATCH = YES;
				"CODE_SIGN_IDENTITY[sdk=iphoneos*]" = "iPhone Developer";
				COPY_PHASE_STRIP = YES;
				ENABLE_NS_ASSERTIONS = NO;
				ENABLE_STRICT_OBJC_MSGSEND = YES;
				GCC_C_LANGUAGE_STANDARD = gnu99;
				GCC_WARN_64_TO_32_BIT_CONVERSION = YES;
				GCC_WARN_ABOUT_RETURN_TYPE = YES_ERROR;
				GCC_WARN_UNDECLARED_SELECTOR = YES;
				GCC_WARN_UNINITIALIZED_AUTOS = YES_AGGRESSIVE;
				GCC_WARN_UNUSED_FUNCTION = YES;
				GCC_WARN_UNUSED_VARIABLE = YES;
				IPHONEOS_DEPLOYMENT_TARGET = 8.0;
				MTL_ENABLE_DEBUG_INFO = NO;
				SDKROOT = iphoneos;
				TARGETED_DEVICE_FAMILY = "1,2";
				VALIDATE_PRODUCT = YES;
			};
			name = Release;
		};
		B761E03519DF86AB00BDA189 /* Debug */ = {
			isa = XCBuildConfiguration;
			buildSettings = {
				ASSETCATALOG_COMPILER_APPICON_NAME = AppIcon;
				INFOPLIST_FILE = Postcard/Info.plist;
				LD_RUNPATH_SEARCH_PATHS = "$(inherited) @executable_path/Frameworks";
				PRODUCT_NAME = "$(TARGET_NAME)";
			};
			name = Debug;
		};
		B761E03619DF86AB00BDA189 /* Release */ = {
			isa = XCBuildConfiguration;
			buildSettings = {
				ASSETCATALOG_COMPILER_APPICON_NAME = AppIcon;
				INFOPLIST_FILE = Postcard/Info.plist;
				LD_RUNPATH_SEARCH_PATHS = "$(inherited) @executable_path/Frameworks";
				PRODUCT_NAME = "$(TARGET_NAME)";
			};
			name = Release;
		};
		B761E03819DF86AB00BDA189 /* Debug */ = {
			isa = XCBuildConfiguration;
			buildSettings = {
				BUNDLE_LOADER = "$(TEST_HOST)";
				FRAMEWORK_SEARCH_PATHS = (
					"$(SDKROOT)/Developer/Library/Frameworks",
					"$(inherited)",
				);
				GCC_PREPROCESSOR_DEFINITIONS = (
					"DEBUG=1",
					"$(inherited)",
				);
				INFOPLIST_FILE = PostcardTests/Info.plist;
				LD_RUNPATH_SEARCH_PATHS = "$(inherited) @executable_path/Frameworks @loader_path/Frameworks";
				PRODUCT_NAME = "$(TARGET_NAME)";
				TEST_HOST = "$(BUILT_PRODUCTS_DIR)/Postcard.app/Postcard";
			};
			name = Debug;
		};
		B761E03919DF86AB00BDA189 /* Release */ = {
			isa = XCBuildConfiguration;
			buildSettings = {
				BUNDLE_LOADER = "$(TEST_HOST)";
				FRAMEWORK_SEARCH_PATHS = (
					"$(SDKROOT)/Developer/Library/Frameworks",
					"$(inherited)",
				);
				INFOPLIST_FILE = PostcardTests/Info.plist;
				LD_RUNPATH_SEARCH_PATHS = "$(inherited) @executable_path/Frameworks @loader_path/Frameworks";
				PRODUCT_NAME = "$(TARGET_NAME)";
				TEST_HOST = "$(BUILT_PRODUCTS_DIR)/Postcard.app/Postcard";
			};
			name = Release;
		};
/* End XCBuildConfiguration section */

/* Begin XCConfigurationList section */
		B761E01019DF86AB00BDA189 /* Build configuration list for PBXProject "Postcard" */ = {
			isa = XCConfigurationList;
			buildConfigurations = (
				B761E03219DF86AB00BDA189 /* Debug */,
				B761E03319DF86AB00BDA189 /* Release */,
			);
			defaultConfigurationIsVisible = 0;
			defaultConfigurationName = Release;
		};
		B761E03419DF86AB00BDA189 /* Build configuration list for PBXNativeTarget "Postcard" */ = {
			isa = XCConfigurationList;
			buildConfigurations = (
				B761E03519DF86AB00BDA189 /* Debug */,
				B761E03619DF86AB00BDA189 /* Release */,
			);
			defaultConfigurationIsVisible = 0;
		};
		B761E03719DF86AB00BDA189 /* Build configuration list for PBXNativeTarget "PostcardTests" */ = {
			isa = XCConfigurationList;
			buildConfigurations = (
				B761E03819DF86AB00BDA189 /* Debug */,
				B761E03919DF86AB00BDA189 /* Release */,
			);
			defaultConfigurationIsVisible = 0;
		};
/* End XCConfigurationList section */
	};
	rootObject = B761E00D19DF86AB00BDA189 /* Project object */;
}
